
Microsoft Visual Studio Solution File, Format Version 12.00
# Visual Studio Version 17
VisualStudioVersion = 17.14.36221.1
MinimumVisualStudioVersion = 10.0.40219.1
Project("{FAE04EC0-301F-11D3-BF4B-00C04F79EFBC}") = "API", "API\API.csproj", "{059A9DE6-05F6-4398-98D9-B344B4E87338}"
EndProject
Project("{E53339B2-1760-4266-BCC7-CA923CBCF16C}") = "docker-compose", "docker-compose.dcproj", "{81DDED9D-158B-E303-5F62-77A2896D2A5A}"
EndProject
Project("{FAE04EC0-301F-11D3-BF4B-00C04F79EFBC}") = "BCCR.TipoDeCambio", "BCCR.TipoDeCambio\BCCR.TipoDeCambio.csproj", "{4A8966E6-1CAE-4392-AC6E-C3CEAEFCF0A2}"
EndProject
Global
	GlobalSection(SolutionConfigurationPlatforms) = preSolution
		Debug|Any CPU = Debug|Any CPU
		Release|Any CPU = Release|Any CPU
	EndGlobalSection
	GlobalSection(ProjectConfigurationPlatforms) = postSolution
		{059A9DE6-05F6-4398-98D9-B344B4E87338}.Debug|Any CPU.ActiveCfg = Debug|Any CPU
		{059A9DE6-05F6-4398-98D9-B344B4E87338}.Debug|Any CPU.Build.0 = Debug|Any CPU
		{059A9DE6-05F6-4398-98D9-B344B4E87338}.Release|Any CPU.ActiveCfg = Release|Any CPU
		{059A9DE6-05F6-4398-98D9-B344B4E87338}.Release|Any CPU.Build.0 = Release|Any CPU
		{81DDED9D-158B-E303-5F62-77A2896D2A5A}.Debug|Any CPU.ActiveCfg = Debug|Any CPU
		{81DDED9D-158B-E303-5F62-77A2896D2A5A}.Debug|Any CPU.Build.0 = Debug|Any CPU
		{81DDED9D-158B-E303-5F62-77A2896D2A5A}.Release|Any CPU.ActiveCfg = Release|Any CPU
		{81DDED9D-158B-E303-5F62-77A2896D2A5A}.Release|Any CPU.Build.0 = Release|Any CPU
		{4A8966E6-1CAE-4392-AC6E-C3CEAEFCF0A2}.Debug|Any CPU.ActiveCfg = Debug|Any CPU
		{4A8966E6-1CAE-4392-AC6E-C3CEAEFCF0A2}.Debug|Any CPU.Build.0 = Debug|Any CPU
		{4A8966E6-1CAE-4392-AC6E-C3CEAEFCF0A2}.Release|Any CPU.ActiveCfg = Release|Any CPU
		{4A8966E6-1CAE-4392-AC6E-C3CEAEFCF0A2}.Release|Any CPU.Build.0 = Release|Any CPU
	EndGlobalSection
	GlobalSection(SolutionProperties) = preSolution
		HideSolutionNode = FALSE
	EndGlobalSection
	GlobalSection(ExtensibilityGlobals) = postSolution
		SolutionGuid = {14C7935A-F586-4BBF-94A7-78B585B4C968}
	EndGlobalSection
EndGlobal
